PODS:
  - Alamofire (3.1.2)
  - CorePlot (1.6)
  - SwiftyJSON (2.3.1)

DEPENDENCIES:
  - Alamofire (~> 3.0)
  - CorePlot
  - SwiftyJSON (from `https://github.com/SwiftyJSON/SwiftyJSON.git`)

EXTERNAL SOURCES:
  SwiftyJSON:
    :git: https://github.com/SwiftyJSON/SwiftyJSON.git

CHECKOUT OPTIONS:
  SwiftyJSON:
    :commit: 10f67900bdf2fb0faba3371249a6fefdcaa880c5
    :git: https://github.com/SwiftyJSON/SwiftyJSON.git

SPEC CHECKSUMS:
  Alamofire: 7c16ca65f3c7e681fd925fd7f2dec7747ff96855
  CorePlot: 820901f6c147f2d84549ffa1f0902869f980d74d
  SwiftyJSON: 592b53bee5ef3dd9b3bebc6b9cb7ee35426ae8c3

COCOAPODS: 0.39.0
